
Microsoft Visual Studio Solution File, Format Version 12.00
# Visual Studio Version 16
VisualStudioVersion = 16.0.31321.278
MinimumVisualStudioVersion = 10.0.40219.1
Project("{FAE04EC0-301F-11D3-BF4B-00C04F79EFBC}") = "SereneTemplate.Web", "SereneTemplate.Web\SereneTemplate.Web.csproj", "{19EB65E1-5EEA-4F9A-975E-EBBB0763C52F}"
EndProject
Global
	GlobalSection(SolutionConfigurationPlatforms) = preSolution
		Debug|Any CPU = Debug|Any CPU
		Release|Any CPU = Release|Any CPU
	EndGlobalSection
	GlobalSection(ProjectConfigurationPlatforms) = postSolution
		{19EB65E1-5EEA-4F9A-975E-EBBB0763C52F}.Debug|Any CPU.ActiveCfg = Debug|Any CPU
		{19EB65E1-5EEA-4F9A-975E-EBBB0763C52F}.Debug|Any CPU.Build.0 = Debug|Any CPU
		{19EB65E1-5EEA-4F9A-975E-EBBB0763C52F}.Release|Any CPU.ActiveCfg = Release|Any CPU
		{19EB65E1-5EEA-4F9A-975E-EBBB0763C52F}.Release|Any CPU.Build.0 = Release|Any CPU
	EndGlobalSection
	GlobalSection(SolutionProperties) = preSolution
		HideSolutionNode = FALSE
	EndGlobalSection
	GlobalSection(ExtensibilityGlobals) = postSolution
		SolutionGuid = {50B3E124-DFE2-4A90-B0C6-05F0CD3785FF}
	EndGlobalSection
EndGlobal
